
Microsoft Visual Studio Solution File, Format Version 12.00
# Visual Studio Version 16
VisualStudioVersion = 16.0.30717.126
MinimumVisualStudioVersion = 10.0.40219.1
Project("{FAE04EC0-301F-11D3-BF4B-00C04F79EFBC}") = "VisualisingSoftwareEngineering", "VisualisingSoftwareEngineering.csproj", "{3BAA69A3-CD0A-45CA-B027-819326F1BAE7}"
EndProject
Global
	GlobalSection(SolutionConfigurationPlatforms) = preSolution
		Debug|Any CPU = Debug|Any CPU
		Release|Any CPU = Release|Any CPU
	EndGlobalSection
	GlobalSection(ProjectConfigurationPlatforms) = postSolution
		{3BAA69A3-CD0A-45CA-B027-819326F1BAE7}.Debug|Any CPU.ActiveCfg = Debug|Any CPU
		{3BAA69A3-CD0A-45CA-B027-819326F1BAE7}.Debug|Any CPU.Build.0 = Debug|Any CPU
		{3BAA69A3-CD0A-45CA-B027-819326F1BAE7}.Release|Any CPU.ActiveCfg = Release|Any CPU
		{3BAA69A3-CD0A-45CA-B027-819326F1BAE7}.Release|Any CPU.Build.0 = Release|Any CPU
	EndGlobalSection
	GlobalSection(SolutionProperties) = preSolution
		HideSolutionNode = FALSE
	EndGlobalSection
	GlobalSection(ExtensibilityGlobals) = postSolution
		SolutionGuid = {26208EF7-C6D5-487D-981D-13EE64D3B774}
	EndGlobalSection
EndGlobal
